
Microsoft Visual Studio Solution File, Format Version 12.00
# Visual Studio Version 17
VisualStudioVersion = 17.1.32414.318
MinimumVisualStudioVersion = 10.0.40219.1
Project("{FAE04EC0-301F-11D3-BF4B-00C04F79EFBC}") = "TinyUrl", "TinyUrl.csproj", "{0D805051-EDDB-4CE9-9C48-9637A2DBC2CC}"
EndProject
Global
	GlobalSection(SolutionConfigurationPlatforms) = preSolution
		Debug|Any CPU = Debug|Any CPU
		Release|Any CPU = Release|Any CPU
	EndGlobalSection
	GlobalSection(ProjectConfigurationPlatforms) = postSolution
		{0D805051-EDDB-4CE9-9C48-9637A2DBC2CC}.Debug|Any CPU.ActiveCfg = Debug|Any CPU
		{0D805051-EDDB-4CE9-9C48-9637A2DBC2CC}.Debug|Any CPU.Build.0 = Debug|Any CPU
		{0D805051-EDDB-4CE9-9C48-9637A2DBC2CC}.Release|Any CPU.ActiveCfg = Release|Any CPU
		{0D805051-EDDB-4CE9-9C48-9637A2DBC2CC}.Release|Any CPU.Build.0 = Release|Any CPU
	EndGlobalSection
	GlobalSection(SolutionProperties) = preSolution
		HideSolutionNode = FALSE
	EndGlobalSection
	GlobalSection(ExtensibilityGlobals) = postSolution
		SolutionGuid = {2A2EBCB3-78B8-4E53-9AD0-DD5B6A3D286A}
	EndGlobalSection
EndGlobal
